
Microsoft Visual Studio Solution File, Format Version 12.00
# Visual Studio Version 17
VisualStudioVersion = 17.0.31903.59
MinimumVisualStudioVersion = 10.0.40219.1
Project("{FAE04EC0-301F-11D3-BF4B-00C04F79EFBC}") = "WIEdit", "WIEdit.csproj", "{D3B6AB44-2FA0-4D2B-AA4E-0FCBFC560432}"
EndProject
Global
	GlobalSection(SolutionConfigurationPlatforms) = preSolution
		Debug|Any CPU = Debug|Any CPU
		Release|Any CPU = Release|Any CPU
	EndGlobalSection
	GlobalSection(ProjectConfigurationPlatforms) = postSolution
		{D3B6AB44-2FA0-4D2B-AA4E-0FCBFC560432}.Debug|Any CPU.ActiveCfg = Debug|Any CPU
		{D3B6AB44-2FA0-4D2B-AA4E-0FCBFC560432}.Debug|Any CPU.Build.0 = Debug|Any CPU
		{D3B6AB44-2FA0-4D2B-AA4E-0FCBFC560432}.Release|Any CPU.ActiveCfg = Release|Any CPU
		{D3B6AB44-2FA0-4D2B-AA4E-0FCBFC560432}.Release|Any CPU.Build.0 = Release|Any CPU
	EndGlobalSection
	GlobalSection(SolutionProperties) = preSolution
		HideSolutionNode = FALSE
	EndGlobalSection
	GlobalSection(ExtensibilityGlobals) = postSolution
		SolutionGuid = {E5E96ECB-8F5C-4B25-9A44-857497AF4598}
	EndGlobalSection
EndGlobal
